
Microsoft Visual Studio Solution File, Format Version 12.00
# Visual Studio 15
VisualStudioVersion = 15.0.27130.2027
MinimumVisualStudioVersion = 10.0.40219.1
Project("{FAE04EC0-301F-11D3-BF4B-00C04F79EFBC}") = "ProyectoAE", "ProyectoAE\ProyectoAE.csproj", "{EAC2982C-C607-4D28-BA04-349E64B8073B}"
EndProject
Global
	GlobalSection(SolutionConfigurationPlatforms) = preSolution
		Debug|Any CPU = Debug|Any CPU
		Release|Any CPU = Release|Any CPU
	EndGlobalSection
	GlobalSection(ProjectConfigurationPlatforms) = postSolution
		{EAC2982C-C607-4D28-BA04-349E64B8073B}.Debug|Any CPU.ActiveCfg = Debug|Any CPU
		{EAC2982C-C607-4D28-BA04-349E64B8073B}.Debug|Any CPU.Build.0 = Debug|Any CPU
		{EAC2982C-C607-4D28-BA04-349E64B8073B}.Release|Any CPU.ActiveCfg = Release|Any CPU
		{EAC2982C-C607-4D28-BA04-349E64B8073B}.Release|Any CPU.Build.0 = Release|Any CPU
	EndGlobalSection
	GlobalSection(SolutionProperties) = preSolution
		HideSolutionNode = FALSE
	EndGlobalSection
	GlobalSection(ExtensibilityGlobals) = postSolution
		SolutionGuid = {69278AD6-3427-44C9-A292-4992B80C491B}
	EndGlobalSection
EndGlobal
